
Microsoft Visual Studio Solution File, Format Version 12.00
# Visual Studio 15
VisualStudioVersion = 15.0.26730.12
MinimumVisualStudioVersion = 10.0.40219.1
Project("{FAE04EC0-301F-11D3-BF4B-00C04F79EFBC}") = "text.txt", "text.txt\text.txt.csproj", "{CD3BF2F6-7D57-4356-B498-043BEA4080C5}"
EndProject
Global
	GlobalSection(SolutionConfigurationPlatforms) = preSolution
		Debug|Any CPU = Debug|Any CPU
		Release|Any CPU = Release|Any CPU
	EndGlobalSection
	GlobalSection(ProjectConfigurationPlatforms) = postSolution
		{CD3BF2F6-7D57-4356-B498-043BEA4080C5}.Debug|Any CPU.ActiveCfg = Debug|Any CPU
		{CD3BF2F6-7D57-4356-B498-043BEA4080C5}.Debug|Any CPU.Build.0 = Debug|Any CPU
		{CD3BF2F6-7D57-4356-B498-043BEA4080C5}.Release|Any CPU.ActiveCfg = Release|Any CPU
		{CD3BF2F6-7D57-4356-B498-043BEA4080C5}.Release|Any CPU.Build.0 = Release|Any CPU
	EndGlobalSection
	GlobalSection(SolutionProperties) = preSolution
		HideSolutionNode = FALSE
	EndGlobalSection
	GlobalSection(ExtensibilityGlobals) = postSolution
		SolutionGuid = {ACAF5028-A352-4214-97CF-6359564785CE}
	EndGlobalSection
EndGlobal
